
Microsoft Visual Studio Solution File, Format Version 12.00
# Visual Studio Version 16
VisualStudioVersion = 16.0.32407.337
MinimumVisualStudioVersion = 10.0.40219.1
Project("{FAE04EC0-301F-11D3-BF4B-00C04F79EFBC}") = "lab2", "lab2\lab2.csproj", "{426463B7-8FA8-418A-8EA2-91C3FDE62344}"
EndProject
Global
	GlobalSection(SolutionConfigurationPlatforms) = preSolution
		Debug|Any CPU = Debug|Any CPU
		Release|Any CPU = Release|Any CPU
	EndGlobalSection
	GlobalSection(ProjectConfigurationPlatforms) = postSolution
		{426463B7-8FA8-418A-8EA2-91C3FDE62344}.Debug|Any CPU.ActiveCfg = Debug|Any CPU
		{426463B7-8FA8-418A-8EA2-91C3FDE62344}.Debug|Any CPU.Build.0 = Debug|Any CPU
		{426463B7-8FA8-418A-8EA2-91C3FDE62344}.Release|Any CPU.ActiveCfg = Release|Any CPU
		{426463B7-8FA8-418A-8EA2-91C3FDE62344}.Release|Any CPU.Build.0 = Release|Any CPU
	EndGlobalSection
	GlobalSection(SolutionProperties) = preSolution
		HideSolutionNode = FALSE
	EndGlobalSection
	GlobalSection(ExtensibilityGlobals) = postSolution
		SolutionGuid = {2E7CE6CD-6B3A-4FF4-BA07-D7C9597505A4}
	EndGlobalSection
EndGlobal
